
Microsoft Visual Studio Solution File, Format Version 12.00
# Visual Studio Version 17
VisualStudioVersion = 17.9.34622.214
MinimumVisualStudioVersion = 10.0.40219.1
Project("{FAE04EC0-301F-11D3-BF4B-00C04F79EFBC}") = "Mini Console App", "Mini Console App\Mini Console App.csproj", "{C17545F8-68BA-4FCB-8162-824A77EB9D9D}"
EndProject
Project("{FAE04EC0-301F-11D3-BF4B-00C04F79EFBC}") = "Core", "Core\Core.csproj", "{F2BCCE58-8B5B-4F7A-941E-07C05C183CB2}"
EndProject
Global
	GlobalSection(SolutionConfigurationPlatforms) = preSolution
		Debug|Any CPU = Debug|Any CPU
		Release|Any CPU = Release|Any CPU
	EndGlobalSection
	GlobalSection(ProjectConfigurationPlatforms) = postSolution
		{C17545F8-68BA-4FCB-8162-824A77EB9D9D}.Debug|Any CPU.ActiveCfg = Debug|Any CPU
		{C17545F8-68BA-4FCB-8162-824A77EB9D9D}.Debug|Any CPU.Build.0 = Debug|Any CPU
		{C17545F8-68BA-4FCB-8162-824A77EB9D9D}.Release|Any CPU.ActiveCfg = Release|Any CPU
		{C17545F8-68BA-4FCB-8162-824A77EB9D9D}.Release|Any CPU.Build.0 = Release|Any CPU
		{F2BCCE58-8B5B-4F7A-941E-07C05C183CB2}.Debug|Any CPU.ActiveCfg = Debug|Any CPU
		{F2BCCE58-8B5B-4F7A-941E-07C05C183CB2}.Debug|Any CPU.Build.0 = Debug|Any CPU
		{F2BCCE58-8B5B-4F7A-941E-07C05C183CB2}.Release|Any CPU.ActiveCfg = Release|Any CPU
		{F2BCCE58-8B5B-4F7A-941E-07C05C183CB2}.Release|Any CPU.Build.0 = Release|Any CPU
	EndGlobalSection
	GlobalSection(SolutionProperties) = preSolution
		HideSolutionNode = FALSE
	EndGlobalSection
	GlobalSection(ExtensibilityGlobals) = postSolution
		SolutionGuid = {83149E65-F988-4CEE-9C7D-BFB437DFFF4A}
	EndGlobalSection
EndGlobal
