
Microsoft Visual Studio Solution File, Format Version 12.00
# Visual Studio Version 17
VisualStudioVersion = 17.9.34622.214
MinimumVisualStudioVersion = 10.0.40219.1
Project("{FAE04EC0-301F-11D3-BF4B-00C04F79EFBC}") = "Task 4", "Task 4\Task 4.csproj", "{F86B77FE-C2AB-431C-A417-5D3EFCD6CDE1}"
EndProject
Global
	GlobalSection(SolutionConfigurationPlatforms) = preSolution
		Debug|Any CPU = Debug|Any CPU
		Release|Any CPU = Release|Any CPU
	EndGlobalSection
	GlobalSection(ProjectConfigurationPlatforms) = postSolution
		{F86B77FE-C2AB-431C-A417-5D3EFCD6CDE1}.Debug|Any CPU.ActiveCfg = Debug|Any CPU
		{F86B77FE-C2AB-431C-A417-5D3EFCD6CDE1}.Debug|Any CPU.Build.0 = Debug|Any CPU
		{F86B77FE-C2AB-431C-A417-5D3EFCD6CDE1}.Release|Any CPU.ActiveCfg = Release|Any CPU
		{F86B77FE-C2AB-431C-A417-5D3EFCD6CDE1}.Release|Any CPU.Build.0 = Release|Any CPU
	EndGlobalSection
	GlobalSection(SolutionProperties) = preSolution
		HideSolutionNode = FALSE
	EndGlobalSection
	GlobalSection(ExtensibilityGlobals) = postSolution
		SolutionGuid = {002F6236-7939-4E03-8D42-326777058857}
	EndGlobalSection
EndGlobal
