
Microsoft Visual Studio Solution File, Format Version 12.00
# Visual Studio Version 17
VisualStudioVersion = 17.9.34622.214
MinimumVisualStudioVersion = 10.0.40219.1
Project("{FAE04EC0-301F-11D3-BF4B-00C04F79EFBC}") = "Static", "Static\Static.csproj", "{EEC54261-9562-4712-8299-BC9F91A14F89}"
EndProject
Global
	GlobalSection(SolutionConfigurationPlatforms) = preSolution
		Debug|Any CPU = Debug|Any CPU
		Release|Any CPU = Release|Any CPU
	EndGlobalSection
	GlobalSection(ProjectConfigurationPlatforms) = postSolution
		{EEC54261-9562-4712-8299-BC9F91A14F89}.Debug|Any CPU.ActiveCfg = Debug|Any CPU
		{EEC54261-9562-4712-8299-BC9F91A14F89}.Debug|Any CPU.Build.0 = Debug|Any CPU
		{EEC54261-9562-4712-8299-BC9F91A14F89}.Release|Any CPU.ActiveCfg = Release|Any CPU
		{EEC54261-9562-4712-8299-BC9F91A14F89}.Release|Any CPU.Build.0 = Release|Any CPU
	EndGlobalSection
	GlobalSection(SolutionProperties) = preSolution
		HideSolutionNode = FALSE
	EndGlobalSection
	GlobalSection(ExtensibilityGlobals) = postSolution
		SolutionGuid = {7DA26DFC-83A6-4AA6-A17E-4AA9745C017D}
	EndGlobalSection
EndGlobal
