
Microsoft Visual Studio Solution File, Format Version 12.00
# Visual Studio Version 17
VisualStudioVersion = 17.9.34622.214
MinimumVisualStudioVersion = 10.0.40219.1
Project("{FAE04EC0-301F-11D3-BF4B-00C04F79EFBC}") = "Extention", "Extention\Extention.csproj", "{2F2A556A-98C7-4255-A7E8-96D90C91DF81}"
EndProject
Global
	GlobalSection(SolutionConfigurationPlatforms) = preSolution
		Debug|Any CPU = Debug|Any CPU
		Release|Any CPU = Release|Any CPU
	EndGlobalSection
	GlobalSection(ProjectConfigurationPlatforms) = postSolution
		{2F2A556A-98C7-4255-A7E8-96D90C91DF81}.Debug|Any CPU.ActiveCfg = Debug|Any CPU
		{2F2A556A-98C7-4255-A7E8-96D90C91DF81}.Debug|Any CPU.Build.0 = Debug|Any CPU
		{2F2A556A-98C7-4255-A7E8-96D90C91DF81}.Release|Any CPU.ActiveCfg = Release|Any CPU
		{2F2A556A-98C7-4255-A7E8-96D90C91DF81}.Release|Any CPU.Build.0 = Release|Any CPU
	EndGlobalSection
	GlobalSection(SolutionProperties) = preSolution
		HideSolutionNode = FALSE
	EndGlobalSection
	GlobalSection(ExtensibilityGlobals) = postSolution
		SolutionGuid = {AF750B7A-8EAE-42AE-85EF-AB70AC20B207}
	EndGlobalSection
EndGlobal
