
Microsoft Visual Studio Solution File, Format Version 12.00
# Visual Studio Version 17
VisualStudioVersion = 17.9.34622.214
MinimumVisualStudioVersion = 10.0.40219.1
Project("{FAE04EC0-301F-11D3-BF4B-00C04F79EFBC}") = "code task 2", "code task 2\code task 2.csproj", "{99A34108-2381-4E17-8D35-F02EDC0E533F}"
EndProject
Global
	GlobalSection(SolutionConfigurationPlatforms) = preSolution
		Debug|Any CPU = Debug|Any CPU
		Release|Any CPU = Release|Any CPU
	EndGlobalSection
	GlobalSection(ProjectConfigurationPlatforms) = postSolution
		{99A34108-2381-4E17-8D35-F02EDC0E533F}.Debug|Any CPU.ActiveCfg = Debug|Any CPU
		{99A34108-2381-4E17-8D35-F02EDC0E533F}.Debug|Any CPU.Build.0 = Debug|Any CPU
		{99A34108-2381-4E17-8D35-F02EDC0E533F}.Release|Any CPU.ActiveCfg = Release|Any CPU
		{99A34108-2381-4E17-8D35-F02EDC0E533F}.Release|Any CPU.Build.0 = Release|Any CPU
	EndGlobalSection
	GlobalSection(SolutionProperties) = preSolution
		HideSolutionNode = FALSE
	EndGlobalSection
	GlobalSection(ExtensibilityGlobals) = postSolution
		SolutionGuid = {5C9C8D6D-4AEB-48A8-B882-B0044A51A434}
	EndGlobalSection
EndGlobal
