
Microsoft Visual Studio Solution File, Format Version 12.00
# Visual Studio Version 17
VisualStudioVersion = 17.9.34622.214
MinimumVisualStudioVersion = 10.0.40219.1
Project("{FAE04EC0-301F-11D3-BF4B-00C04F79EFBC}") = "Employee ADO app", "Employee ADO app\Employee ADO app.csproj", "{60225D3D-8A2E-4E8C-9AF2-E6C901572E1E}"
EndProject
Global
	GlobalSection(SolutionConfigurationPlatforms) = preSolution
		Debug|Any CPU = Debug|Any CPU
		Release|Any CPU = Release|Any CPU
	EndGlobalSection
	GlobalSection(ProjectConfigurationPlatforms) = postSolution
		{60225D3D-8A2E-4E8C-9AF2-E6C901572E1E}.Debug|Any CPU.ActiveCfg = Debug|Any CPU
		{60225D3D-8A2E-4E8C-9AF2-E6C901572E1E}.Debug|Any CPU.Build.0 = Debug|Any CPU
		{60225D3D-8A2E-4E8C-9AF2-E6C901572E1E}.Release|Any CPU.ActiveCfg = Release|Any CPU
		{60225D3D-8A2E-4E8C-9AF2-E6C901572E1E}.Release|Any CPU.Build.0 = Release|Any CPU
	EndGlobalSection
	GlobalSection(SolutionProperties) = preSolution
		HideSolutionNode = FALSE
	EndGlobalSection
	GlobalSection(ExtensibilityGlobals) = postSolution
		SolutionGuid = {86D44E3E-5C01-4F93-A80B-DD12DF9BFE3F}
	EndGlobalSection
EndGlobal
